Microsoft Visual Studio Solution File, Format Version 12.00
# Visual Studio 15
Project("{2150E333-8FDC-42A3-9474-1A3956D46DE8}") = "CMake", "CMake", "{4E6967B3-E3BB-3D76-892F-FD42FA59AD96}"
EndProject
Project("{2150E333-8FDC-42A3-9474-1A3956D46DE8}") = "SFML", "SFML", "{3517652A-0924-3BF2-AAE6-17EE24FCF6DC}"
EndProject
Project("{8BC9CEB8-8B4A-11D0-8D11-00A0C91BC942}") = "ALL_BUILD", "ALL_BUILD.vcxproj", "{E4E99986-DB05-3DA7-9908-446E4EAC1DCC}"
	ProjectSection(ProjectDependencies) = postProject
		{160A6F4A-FD87-3133-A86A-04D1A426FE55} = {160A6F4A-FD87-3133-A86A-04D1A426FE55}
		{450928C3-F864-3987-9AD3-45E850B6D95F} = {450928C3-F864-3987-9AD3-45E850B6D95F}
		{F7C435BD-4463-3E38-8AFA-96C487BD83BC} = {F7C435BD-4463-3E38-8AFA-96C487BD83BC}
		{ED716324-3FD2-313A-B2D7-2019D1AFCFAB} = {ED716324-3FD2-313A-B2D7-2019D1AFCFAB}
		{3785C253-78FE-3999-98ED-7C39BBBED33F} = {3785C253-78FE-3999-98ED-7C39BBBED33F}
		{534EAB0B-9AD6-381E-9076-BD242B0E6527} = {534EAB0B-9AD6-381E-9076-BD242B0E6527}
		{A57907DF-5A3D-3E55-BB06-67EB4D6DB69D} = {A57907DF-5A3D-3E55-BB06-67EB4D6DB69D}
	EndProjectSection
EndProject
Project("{8BC9CEB8-8B4A-11D0-8D11-00A0C91BC942}") = "INSTALL", "INSTALL.vcxproj", "{B6B54ABC-E37C-3426-8EFD-833259FEB967}"
	ProjectSection(ProjectDependencies) = postProject
		{E4E99986-DB05-3DA7-9908-446E4EAC1DCC} = {E4E99986-DB05-3DA7-9908-446E4EAC1DCC}
		{160A6F4A-FD87-3133-A86A-04D1A426FE55} = {160A6F4A-FD87-3133-A86A-04D1A426FE55}
	EndProjectSection
EndProject
Project("{8BC9CEB8-8B4A-11D0-8D11-00A0C91BC942}") = "ZERO_CHECK", "ZERO_CHECK.vcxproj", "{160A6F4A-FD87-3133-A86A-04D1A426FE55}"
	ProjectSection(ProjectDependencies) = postProject
	EndProjectSection
EndProject
Project("{8BC9CEB8-8B4A-11D0-8D11-00A0C91BC942}") = "sfml-audio", "src\SFML\Audio\sfml-audio.vcxproj", "{450928C3-F864-3987-9AD3-45E850B6D95F}"
	ProjectSection(ProjectDependencies) = postProject
		{160A6F4A-FD87-3133-A86A-04D1A426FE55} = {160A6F4A-FD87-3133-A86A-04D1A426FE55}
		{534EAB0B-9AD6-381E-9076-BD242B0E6527} = {534EAB0B-9AD6-381E-9076-BD242B0E6527}
	EndProjectSection
EndProject
Project("{8BC9CEB8-8B4A-11D0-8D11-00A0C91BC942}") = "sfml-graphics", "src\SFML\Graphics\sfml-graphics.vcxproj", "{F7C435BD-4463-3E38-8AFA-96C487BD83BC}"
	ProjectSection(ProjectDependencies) = postProject
		{160A6F4A-FD87-3133-A86A-04D1A426FE55} = {160A6F4A-FD87-3133-A86A-04D1A426FE55}
		{534EAB0B-9AD6-381E-9076-BD242B0E6527} = {534EAB0B-9AD6-381E-9076-BD242B0E6527}
		{A57907DF-5A3D-3E55-BB06-67EB4D6DB69D} = {A57907DF-5A3D-3E55-BB06-67EB4D6DB69D}
	EndProjectSection
EndProject
Project("{8BC9CEB8-8B4A-11D0-8D11-00A0C91BC942}") = "sfml-main", "src\SFML\Main\sfml-main.vcxproj", "{ED716324-3FD2-313A-B2D7-2019D1AFCFAB}"
	ProjectSection(ProjectDependencies) = postProject
		{160A6F4A-FD87-3133-A86A-04D1A426FE55} = {160A6F4A-FD87-3133-A86A-04D1A426FE55}
	EndProjectSection
EndProject
Project("{8BC9CEB8-8B4A-11D0-8D11-00A0C91BC942}") = "sfml-network", "src\SFML\Network\sfml-network.vcxproj", "{3785C253-78FE-3999-98ED-7C39BBBED33F}"
	ProjectSection(ProjectDependencies) = postProject
		{160A6F4A-FD87-3133-A86A-04D1A426FE55} = {160A6F4A-FD87-3133-A86A-04D1A426FE55}
		{534EAB0B-9AD6-381E-9076-BD242B0E6527} = {534EAB0B-9AD6-381E-9076-BD242B0E6527}
	EndProjectSection
EndProject
Project("{8BC9CEB8-8B4A-11D0-8D11-00A0C91BC942}") = "sfml-system", "src\SFML\System\sfml-system.vcxproj", "{534EAB0B-9AD6-381E-9076-BD242B0E6527}"
	ProjectSection(ProjectDependencies) = postProject
		{160A6F4A-FD87-3133-A86A-04D1A426FE55} = {160A6F4A-FD87-3133-A86A-04D1A426FE55}
	EndProjectSection
EndProject
Project("{8BC9CEB8-8B4A-11D0-8D11-00A0C91BC942}") = "sfml-window", "src\SFML\Window\sfml-window.vcxproj", "{A57907DF-5A3D-3E55-BB06-67EB4D6DB69D}"
	ProjectSection(ProjectDependencies) = postProject
		{160A6F4A-FD87-3133-A86A-04D1A426FE55} = {160A6F4A-FD87-3133-A86A-04D1A426FE55}
		{534EAB0B-9AD6-381E-9076-BD242B0E6527} = {534EAB0B-9AD6-381E-9076-BD242B0E6527}
	EndProjectSection
EndProject
Global
	GlobalSection(SolutionConfigurationPlatforms) = preSolution
		Debug|Win32 = Debug|Win32
		Release|Win32 = Release|Win32
		MinSizeRel|Win32 = MinSizeRel|Win32
		RelWithDebInfo|Win32 = RelWithDebInfo|Win32
	EndGlobalSection
	GlobalSection(ProjectConfigurationPlatforms) = postSolution
		{E4E99986-DB05-3DA7-9908-446E4EAC1DCC}.Debug|Win32.ActiveCfg = Debug|Win32
		{E4E99986-DB05-3DA7-9908-446E4EAC1DCC}.Debug|Win32.Build.0 = Debug|Win32
		{E4E99986-DB05-3DA7-9908-446E4EAC1DCC}.Release|Win32.ActiveCfg = Release|Win32
		{E4E99986-DB05-3DA7-9908-446E4EAC1DCC}.Release|Win32.Build.0 = Release|Win32
		{E4E99986-DB05-3DA7-9908-446E4EAC1DCC}.MinSizeRel|Win32.ActiveCfg = MinSizeRel|Win32
		{E4E99986-DB05-3DA7-9908-446E4EAC1DCC}.MinSizeRel|Win32.Build.0 = MinSizeRel|Win32
		{E4E99986-DB05-3DA7-9908-446E4EAC1DCC}.RelWithDebInfo|Win32.ActiveCfg = RelWithDebInfo|Win32
		{E4E99986-DB05-3DA7-9908-446E4EAC1DCC}.RelWithDebInfo|Win32.Build.0 = RelWithDebInfo|Win32
		{B6B54ABC-E37C-3426-8EFD-833259FEB967}.Debug|Win32.ActiveCfg = Debug|Win32
		{B6B54ABC-E37C-3426-8EFD-833259FEB967}.Release|Win32.ActiveCfg = Release|Win32
		{B6B54ABC-E37C-3426-8EFD-833259FEB967}.MinSizeRel|Win32.ActiveCfg = MinSizeRel|Win32
		{B6B54ABC-E37C-3426-8EFD-833259FEB967}.RelWithDebInfo|Win32.ActiveCfg = RelWithDebInfo|Win32
		{160A6F4A-FD87-3133-A86A-04D1A426FE55}.Debug|Win32.ActiveCfg = Debug|Win32
		{160A6F4A-FD87-3133-A86A-04D1A426FE55}.Debug|Win32.Build.0 = Debug|Win32
		{160A6F4A-FD87-3133-A86A-04D1A426FE55}.Release|Win32.ActiveCfg = Release|Win32
		{160A6F4A-FD87-3133-A86A-04D1A426FE55}.Release|Win32.Build.0 = Release|Win32
		{160A6F4A-FD87-3133-A86A-04D1A426FE55}.MinSizeRel|Win32.ActiveCfg = MinSizeRel|Win32
		{160A6F4A-FD87-3133-A86A-04D1A426FE55}.MinSizeRel|Win32.Build.0 = MinSizeRel|Win32
		{160A6F4A-FD87-3133-A86A-04D1A426FE55}.RelWithDebInfo|Win32.ActiveCfg = RelWithDebInfo|Win32
		{160A6F4A-FD87-3133-A86A-04D1A426FE55}.RelWithDebInfo|Win32.Build.0 = RelWithDebInfo|Win32
		{450928C3-F864-3987-9AD3-45E850B6D95F}.Debug|Win32.ActiveCfg = Debug|Win32
		{450928C3-F864-3987-9AD3-45E850B6D95F}.Debug|Win32.Build.0 = Debug|Win32
		{450928C3-F864-3987-9AD3-45E850B6D95F}.Release|Win32.ActiveCfg = Release|Win32
		{450928C3-F864-3987-9AD3-45E850B6D95F}.Release|Win32.Build.0 = Release|Win32
		{450928C3-F864-3987-9AD3-45E850B6D95F}.MinSizeRel|Win32.ActiveCfg = MinSizeRel|Win32
		{450928C3-F864-3987-9AD3-45E850B6D95F}.MinSizeRel|Win32.Build.0 = MinSizeRel|Win32
		{450928C3-F864-3987-9AD3-45E850B6D95F}.RelWithDebInfo|Win32.ActiveCfg = RelWithDebInfo|Win32
		{450928C3-F864-3987-9AD3-45E850B6D95F}.RelWithDebInfo|Win32.Build.0 = RelWithDebInfo|Win32
		{F7C435BD-4463-3E38-8AFA-96C487BD83BC}.Debug|Win32.ActiveCfg = Debug|Win32
		{F7C435BD-4463-3E38-8AFA-96C487BD83BC}.Debug|Win32.Build.0 = Debug|Win32
		{F7C435BD-4463-3E38-8AFA-96C487BD83BC}.Release|Win32.ActiveCfg = Release|Win32
		{F7C435BD-4463-3E38-8AFA-96C487BD83BC}.Release|Win32.Build.0 = Release|Win32
		{F7C435BD-4463-3E38-8AFA-96C487BD83BC}.MinSizeRel|Win32.ActiveCfg = MinSizeRel|Win32
		{F7C435BD-4463-3E38-8AFA-96C487BD83BC}.MinSizeRel|Win32.Build.0 = MinSizeRel|Win32
		{F7C435BD-4463-3E38-8AFA-96C487BD83BC}.RelWithDebInfo|Win32.ActiveCfg = RelWithDebInfo|Win32
		{F7C435BD-4463-3E38-8AFA-96C487BD83BC}.RelWithDebInfo|Win32.Build.0 = RelWithDebInfo|Win32
		{ED716324-3FD2-313A-B2D7-2019D1AFCFAB}.Debug|Win32.ActiveCfg = Debug|Win32
		{ED716324-3FD2-313A-B2D7-2019D1AFCFAB}.Debug|Win32.Build.0 = Debug|Win32
		{ED716324-3FD2-313A-B2D7-2019D1AFCFAB}.Release|Win32.ActiveCfg = Release|Win32
		{ED716324-3FD2-313A-B2D7-2019D1AFCFAB}.Release|Win32.Build.0 = Release|Win32
		{ED716324-3FD2-313A-B2D7-2019D1AFCFAB}.MinSizeRel|Win32.ActiveCfg = MinSizeRel|Win32
		{ED716324-3FD2-313A-B2D7-2019D1AFCFAB}.MinSizeRel|Win32.Build.0 = MinSizeRel|Win32
		{ED716324-3FD2-313A-B2D7-2019D1AFCFAB}.RelWithDebInfo|Win32.ActiveCfg = RelWithDebInfo|Win32
		{ED716324-3FD2-313A-B2D7-2019D1AFCFAB}.RelWithDebInfo|Win32.Build.0 = RelWithDebInfo|Win32
		{3785C253-78FE-3999-98ED-7C39BBBED33F}.Debug|Win32.ActiveCfg = Debug|Win32
		{3785C253-78FE-3999-98ED-7C39BBBED33F}.Debug|Win32.Build.0 = Debug|Win32
		{3785C253-78FE-3999-98ED-7C39BBBED33F}.Release|Win32.ActiveCfg = Release|Win32
		{3785C253-78FE-3999-98ED-7C39BBBED33F}.Release|Win32.Build.0 = Release|Win32
		{3785C253-78FE-3999-98ED-7C39BBBED33F}.MinSizeRel|Win32.ActiveCfg = MinSizeRel|Win32
		{3785C253-78FE-3999-98ED-7C39BBBED33F}.MinSizeRel|Win32.Build.0 = MinSizeRel|Win32
		{3785C253-78FE-3999-98ED-7C39BBBED33F}.RelWithDebInfo|Win32.ActiveCfg = RelWithDebInfo|Win32
		{3785C253-78FE-3999-98ED-7C39BBBED33F}.RelWithDebInfo|Win32.Build.0 = RelWithDebInfo|Win32
		{534EAB0B-9AD6-381E-9076-BD242B0E6527}.Debug|Win32.ActiveCfg = Debug|Win32
		{534EAB0B-9AD6-381E-9076-BD242B0E6527}.Debug|Win32.Build.0 = Debug|Win32
		{534EAB0B-9AD6-381E-9076-BD242B0E6527}.Release|Win32.ActiveCfg = Release|Win32
		{534EAB0B-9AD6-381E-9076-BD242B0E6527}.Release|Win32.Build.0 = Release|Win32
		{534EAB0B-9AD6-381E-9076-BD242B0E6527}.MinSizeRel|Win32.ActiveCfg = MinSizeRel|Win32
		{534EAB0B-9AD6-381E-9076-BD242B0E6527}.MinSizeRel|Win32.Build.0 = MinSizeRel|Win32
		{534EAB0B-9AD6-381E-9076-BD242B0E6527}.RelWithDebInfo|Win32.ActiveCfg = RelWithDebInfo|Win32
		{534EAB0B-9AD6-381E-9076-BD242B0E6527}.RelWithDebInfo|Win32.Build.0 = RelWithDebInfo|Win32
		{A57907DF-5A3D-3E55-BB06-67EB4D6DB69D}.Debug|Win32.ActiveCfg = Debug|Win32
		{A57907DF-5A3D-3E55-BB06-67EB4D6DB69D}.Debug|Win32.Build.0 = Debug|Win32
		{A57907DF-5A3D-3E55-BB06-67EB4D6DB69D}.Release|Win32.ActiveCfg = Release|Win32
		{A57907DF-5A3D-3E55-BB06-67EB4D6DB69D}.Release|Win32.Build.0 = Release|Win32
		{A57907DF-5A3D-3E55-BB06-67EB4D6DB69D}.MinSizeRel|Win32.ActiveCfg = MinSizeRel|Win32
		{A57907DF-5A3D-3E55-BB06-67EB4D6DB69D}.MinSizeRel|Win32.Build.0 = MinSizeRel|Win32
		{A57907DF-5A3D-3E55-BB06-67EB4D6DB69D}.RelWithDebInfo|Win32.ActiveCfg = RelWithDebInfo|Win32
		{A57907DF-5A3D-3E55-BB06-67EB4D6DB69D}.RelWithDebInfo|Win32.Build.0 = RelWithDebInfo|Win32
	EndGlobalSection
	GlobalSection(NestedProjects) = preSolution
		{E4E99986-DB05-3DA7-9908-446E4EAC1DCC} = {4E6967B3-E3BB-3D76-892F-FD42FA59AD96}
		{B6B54ABC-E37C-3426-8EFD-833259FEB967} = {4E6967B3-E3BB-3D76-892F-FD42FA59AD96}
		{160A6F4A-FD87-3133-A86A-04D1A426FE55} = {4E6967B3-E3BB-3D76-892F-FD42FA59AD96}
		{450928C3-F864-3987-9AD3-45E850B6D95F} = {3517652A-0924-3BF2-AAE6-17EE24FCF6DC}
		{F7C435BD-4463-3E38-8AFA-96C487BD83BC} = {3517652A-0924-3BF2-AAE6-17EE24FCF6DC}
		{ED716324-3FD2-313A-B2D7-2019D1AFCFAB} = {3517652A-0924-3BF2-AAE6-17EE24FCF6DC}
		{3785C253-78FE-3999-98ED-7C39BBBED33F} = {3517652A-0924-3BF2-AAE6-17EE24FCF6DC}
		{534EAB0B-9AD6-381E-9076-BD242B0E6527} = {3517652A-0924-3BF2-AAE6-17EE24FCF6DC}
		{A57907DF-5A3D-3E55-BB06-67EB4D6DB69D} = {3517652A-0924-3BF2-AAE6-17EE24FCF6DC}
	EndGlobalSection
	GlobalSection(ExtensibilityGlobals) = postSolution
		SolutionGuid = {2025B113-8862-337C-84AD-7439515C9799}
	EndGlobalSection
	GlobalSection(ExtensibilityAddIns) = postSolution
	EndGlobalSection
EndGlobal
